github.com/JamesHovious/w32 v1.2.0 h1:UZWv2ea6y4Kylzs7DGXWcSCaUH+OxH8q7aCFmMUqwao=
github.com/JamesHovious/w32 v1.2.0/go.mod h1:L6LTHMKvhtpGUkIYGTo4U9PKancYKpGS/+naYtTs8Ys=
github.com/hnakamur/w32syscall v0.0.0-20150329104255-b8b99ed86a56 h1:kZ0/GrJre7uciw/jlR6x0CDZ5MQe9ppRuiW8qq+e694=
github.com/hnakamur/w32syscall v0.0.0-20150329104255-b8b99ed86a56/go.mod h1:PGikIopDgEZKXlRJJSymAXwWiQu1w6+gblg4WkaiFew=
github.com/vaughan0/go-ini v0.0.0-20130923145212-a98ad7ee00ec h1:DGmKwyZwEB8dI7tbLt/I/gQuP559o/0FrAkHKlQM/Ks=
github.com/vaughan0/go-ini v0.0.0-20130923145212-a98ad7ee00ec/go.mod h1:owBmyHYMLkxyrugmfwE/DLJyW8Ro9mkphwuVErQ0iUw=
